{
    "version": 3,
    "terraform_version": "0.10.2",
    "serial": 7,
    "lineage": "59d08e86-213c-44dc-99c4-6c2505485b95",
    "modules": [
        {
            "path": [
                "root"
            ],
            "outputs": {},
            "resources": {
                "digitalocean_droplet.platzi-demo": {
                    "type": "digitalocean_droplet",
                    "depends_on": [
                        "digitalocean_tag.platzi-demo"
                    ],
                    "primary": {
                        "id": "59570844",
                        "attributes": {
                            "disk": "20",
                            "id": "59570844",
                            "image": "27272280",
                            "ipv4_address": "165.227.98.29",
                            "locked": "false",
                            "name": "devops-curse",
                            "price_hourly": "0.00744",
                            "price_monthly": "5",
                            "region": "nyc3",
                            "resize_disk": "true",
                            "size": "512mb",
                            "ssh_keys.#": "1",
                            "ssh_keys.0": "5417706",
                            "status": "active",
                            "tags.#": "1",
                            "tags.0": "platzi-html",
                            "user_data": "#cloud-config\ncoreos:\n  units:\n    - name: \"platzi.service\"\n      command: \"start\"\n      content: |\n        [Unit]\n        Description=Platzi Demo\n        After=docker.service\n        Requires=docker.service\n        [Service]\n        ExecStart=/usr/bin/docker run -d -p 3000:3000 platzi\n",
                            "vcpus": "1"
                        },
                        "meta": {},
                        "tainted": false
                    },
                    "deposed": [],
                    "provider": ""
                },
                "digitalocean_tag.platzi-demo": {
                    "type": "digitalocean_tag",
                    "depends_on": [],
                    "primary": {
                        "id": "platzi-html",
                        "attributes": {
                            "id": "platzi-html",
                            "name": "platzi-html"
                        },
                        "meta": {},
                        "tainted": false
                    },
                    "deposed": [],
                    "provider": ""
                }
            },
            "depends_on": []
        }
    ]
}
